// !$*UTF8*$!
{
	archiveVersion = 1;
	classes = {
	};
	objectVersion = 46;
	objects = {

/* Begin PBXBuildFile section */
		5F1B8F1F1970E81000AC8C67 /* NearbyTramsKit.framework in Frameworks */ = {isa = PBXBuildFile; fileRef = 5FA8DBAE195E2ACB0080EEAE /* NearbyTramsKit.framework */; };
		5F1B8F201970E81000AC8C67 /* NearbyTramsKit.framework in Embed Frameworks */ = {isa = PBXBuildFile; fileRef = 5FA8DBAE195E2ACB0080EEAE /* NearbyTramsKit.framework */; settings = {ATTRIBUTES = (CodeSignOnCopy, ); }; };
		5FA1E340196CC57200832B68 /* main.swift in Sources */ = {isa = PBXBuildFile; fileRef = 5F155CD219518E4600D8931F /* main.swift */; };
/* End PBXBuildFile section */

/* Begin PBXContainerItemProxy section */
		5F1B8F211970E81000AC8C67 /* PBXContainerItemProxy */ = {
			isa = PBXContainerItemProxy;
			containerPortal = 5FA8DBA8195E2ACB0080EEAE /* NearbyTramsKit.xcodeproj */;
			proxyType = 1;
			remoteGlobalIDString = 5F6CC97D195C38D7003C3485;
			remoteInfo = NearbyTramsKit;
		};
		5FA8DBAD195E2ACB0080EEAE /* PBXContainerItemProxy */ = {
			isa = PBXContainerItemProxy;
			containerPortal = 5FA8DBA8195E2ACB0080EEAE /* NearbyTramsKit.xcodeproj */;
			proxyType = 2;
			remoteGlobalIDString = 5F6CC97E195C38D7003C3485;
			remoteInfo = NearbyTramsKit;
		};
		5FA8DBAF195E2ACB0080EEAE /* PBXContainerItemProxy */ = {
			isa = PBXContainerItemProxy;
			containerPortal = 5FA8DBA8195E2ACB0080EEAE /* NearbyTramsKit.xcodeproj */;
			proxyType = 2;
			remoteGlobalIDString = 5F6CC989195C38D7003C3485;
			remoteInfo = "NearbyTramsKit-Tests";
		};
/* End PBXContainerItemProxy section */

/* Begin PBXCopyFilesBuildPhase section */
		5F395060196D0AE700E1D64D /* Embed Frameworks */ = {
			isa = PBXCopyFilesBuildPhase;
			buildActionMask = 2147483647;
			dstPath = "";
			dstSubfolderSpec = 10;
			files = (
				5F1B8F201970E81000AC8C67 /* NearbyTramsKit.framework in Embed Frameworks */,
			);
			name = "Embed Frameworks";
			runOnlyForDeploymentPostprocessing = 0;
		};
/* End PBXCopyFilesBuildPhase section */

/* Begin PBXFileReference section */
		5F155CCE19518E4600D8931F /* TramsScraper-Debug.xcconfig */ = {isa = PBXFileReference; fileEncoding = 4; lastKnownFileType = text.xcconfig; path = "TramsScraper-Debug.xcconfig"; sourceTree = "<group>"; };
		5F155CCF19518E4600D8931F /* TramsScraper-Release.xcconfig */ = {isa = PBXFileReference; fileEncoding = 4; lastKnownFileType = text.xcconfig; path = "TramsScraper-Release.xcconfig"; sourceTree = "<group>"; };
		5F155CD019518E4600D8931F /* TramsScraper.xcconfig */ = {isa = PBXFileReference; fileEncoding = 4; lastKnownFileType = text.xcconfig; path = TramsScraper.xcconfig; sourceTree = "<group>"; };
		5F155CD219518E4600D8931F /* main.swift */ = {isa = PBXFileReference; fileEncoding = 4; lastKnownFileType = sourcecode.swift; path = main.swift; sourceTree = "<group>"; };
		5FA1E2E9196CC33800832B68 /* TramsScraper.app */ = {isa = PBXFileReference; explicitFileType = wrapper.application; includeInIndex = 0; path = TramsScraper.app; sourceTree = BUILT_PRODUCTS_DIR; };
		5FA1E333196CC41100832B68 /* Info.plist */ = {isa = PBXFileReference; lastKnownFileType = text.plist.xml; path = Info.plist; sourceTree = "<group>"; };
		5FA8DBA8195E2ACB0080EEAE /* NearbyTramsKit.xcodeproj */ = {isa = PBXFileReference; lastKnownFileType = "wrapper.pb-project"; path = NearbyTramsKit.xcodeproj; sourceTree = "<group>"; };
/* End PBXFileReference section */

/* Begin PBXFrameworksBuildPhase section */
		5FA1E2E6196CC33800832B68 /* Frameworks */ = {
			isa = PBXFrameworksBuildPhase;
			buildActionMask = 2147483647;
			files = (
				5F1B8F1F1970E81000AC8C67 /* NearbyTramsKit.framework in Frameworks */,
			);
			runOnlyForDeploymentPostprocessing = 0;
		};
/* End PBXFrameworksBuildPhase section */

/* Begin PBXGroup section */
		5F155CBA19518A0900D8931F = {
			isa = PBXGroup;
			children = (
				5F7B05F41953F4C1003423B6 /* External */,
				5F155CCD19518E4600D8931F /* Configurations */,
				5F155CD119518E4600D8931F /* Source */,
				5FF40FB319528D27000E94C4 /* Resources */,
				5F155CC419518A0900D8931F /* Products */,
			);
			sourceTree = "<group>";
		};
		5F155CC419518A0900D8931F /* Products */ = {
			isa = PBXGroup;
			children = (
				5FA1E2E9196CC33800832B68 /* TramsScraper.app */,
			);
			name = Products;
			sourceTree = "<group>";
		};
		5F155CCD19518E4600D8931F /* Configurations */ = {
			isa = PBXGroup;
			children = (
				5F155CCE19518E4600D8931F /* TramsScraper-Debug.xcconfig */,
				5F155CCF19518E4600D8931F /* TramsScraper-Release.xcconfig */,
				5F155CD019518E4600D8931F /* TramsScraper.xcconfig */,
			);
			name = Configurations;
			path = TramsScraper/Configurations;
			sourceTree = "<group>";
		};
		5F155CD119518E4600D8931F /* Source */ = {
			isa = PBXGroup;
			children = (
				5F155CD219518E4600D8931F /* main.swift */,
			);
			name = Source;
			path = TramsScraper/Source;
			sourceTree = "<group>";
		};
		5F7B05F41953F4C1003423B6 /* External */ = {
			isa = PBXGroup;
			children = (
				5FA8DBA8195E2ACB0080EEAE /* NearbyTramsKit.xcodeproj */,
			);
			name = External;
			sourceTree = "<group>";
		};
		5FA8DBA9195E2ACB0080EEAE /* Products */ = {
			isa = PBXGroup;
			children = (
				5FA8DBAE195E2ACB0080EEAE /* NearbyTramsKit.framework */,
				5FA8DBB0195E2ACB0080EEAE /* NearbyTramsKit-Tests.xctest */,
			);
			name = Products;
			sourceTree = "<group>";
		};
		5FF40FB319528D27000E94C4 /* Resources */ = {
			isa = PBXGroup;
			children = (
				5FA1E333196CC41100832B68 /* Info.plist */,
			);
			name = Resources;
			path = TramsScraper/Resources;
			sourceTree = "<group>";
		};
/* End PBXGroup section */

/* Begin PBXNativeTarget section */
		5FA1E2E8196CC33800832B68 /* TramsScraper */ = {
			isa = PBXNativeTarget;
			buildConfigurationList = 5FA1E309196CC33800832B68 /* Build configuration list for PBXNativeTarget "TramsScraper" */;
			buildPhases = (
				5FA1E2E5196CC33800832B68 /* Sources */,
				5FA1E2E6196CC33800832B68 /* Frameworks */,
				5FA1E2E7196CC33800832B68 /* Resources */,
				5F395060196D0AE700E1D64D /* Embed Frameworks */,
			);
			buildRules = (
			);
			dependencies = (
				5F1B8F221970E81000AC8C67 /* PBXTargetDependency */,
			);
			name = TramsScraper;
			productName = TramsScraperApp;
			productReference = 5FA1E2E9196CC33800832B68 /* TramsScraper.app */;
			productType = "com.apple.product-type.application";
		};
/* End PBXNativeTarget section */

/* Begin PBXProject section */
		5F155CBB19518A0900D8931F /* Project object */ = {
			isa = PBXProject;
			attributes = {
				LastUpgradeCheck = 0600;
				ORGANIZATIONNAME = Dblechoc;
				TargetAttributes = {
					5FA1E2E8196CC33800832B68 = {
						CreatedOnToolsVersion = 6.0;
					};
				};
			};
			buildConfigurationList = 5F155CBE19518A0900D8931F /* Build configuration list for PBXProject "TramsScraper" */;
			compatibilityVersion = "Xcode 3.2";
			developmentRegion = English;
			hasScannedForEncodings = 0;
			knownRegions = (
				en,
				Base,
			);
			mainGroup = 5F155CBA19518A0900D8931F;
			productRefGroup = 5F155CC419518A0900D8931F /* Products */;
			projectDirPath = "";
			projectReferences = (
				{
					ProductGroup = 5FA8DBA9195E2ACB0080EEAE /* Products */;
					ProjectRef = 5FA8DBA8195E2ACB0080EEAE /* NearbyTramsKit.xcodeproj */;
				},
			);
			projectRoot = "";
			targets = (
				5FA1E2E8196CC33800832B68 /* TramsScraper */,
			);
		};
/* End PBXProject section */

/* Begin PBXReferenceProxy section */
		5FA8DBAE195E2ACB0080EEAE /* NearbyTramsKit.framework */ = {
			isa = PBXReferenceProxy;
			fileType = wrapper.framework;
			path = NearbyTramsKit.framework;
			remoteRef = 5FA8DBAD195E2ACB0080EEAE /* PBXContainerItemProxy */;
			sourceTree = BUILT_PRODUCTS_DIR;
		};
		5FA8DBB0195E2ACB0080EEAE /* NearbyTramsKit-Tests.xctest */ = {
			isa = PBXReferenceProxy;
			fileType = wrapper.cfbundle;
			path = "NearbyTramsKit-Tests.xctest";
			remoteRef = 5FA8DBAF195E2ACB0080EEAE /* PBXContainerItemProxy */;
			sourceTree = BUILT_PRODUCTS_DIR;
		};
/* End PBXReferenceProxy section */

/* Begin PBXResourcesBuildPhase section */
		5FA1E2E7196CC33800832B68 /* Resources */ = {
			isa = PBXResourcesBuildPhase;
			buildActionMask = 2147483647;
			files = (
			);
			runOnlyForDeploymentPostprocessing = 0;
		};
/* End PBXResourcesBuildPhase section */

/* Begin PBXSourcesBuildPhase section */
		5FA1E2E5196CC33800832B68 /* Sources */ = {
			isa = PBXSourcesBuildPhase;
			buildActionMask = 2147483647;
			files = (
				5FA1E340196CC57200832B68 /* main.swift in Sources */,
			);
			runOnlyForDeploymentPostprocessing = 0;
		};
/* End PBXSourcesBuildPhase section */

/* Begin PBXTargetDependency section */
		5F1B8F221970E81000AC8C67 /* PBXTargetDependency */ = {
			isa = PBXTargetDependency;
			name = NearbyTramsKit;
			targetProxy = 5F1B8F211970E81000AC8C67 /* PBXContainerItemProxy */;
		};
/* End PBXTargetDependency section */

/* Begin XCBuildConfiguration section */
		5F155CC819518A0900D8931F /* Debug */ = {
			isa = XCBuildConfiguration;
			buildSettings = {
			};
			name = Debug;
		};
		5F155CC919518A0900D8931F /* Release */ = {
			isa = XCBuildConfiguration;
			buildSettings = {
			};
			name = Release;
		};
		5FA1E302196CC33800832B68 /* Debug */ = {
			isa = XCBuildConfiguration;
			baseConfigurationReference = 5F155CCE19518E4600D8931F /* TramsScraper-Debug.xcconfig */;
			buildSettings = {
			};
			name = Debug;
		};
		5FA1E303196CC33800832B68 /* Release */ = {
			isa = XCBuildConfiguration;
			baseConfigurationReference = 5F155CCF19518E4600D8931F /* TramsScraper-Release.xcconfig */;
			buildSettings = {
			};
			name = Release;
		};
/* End XCBuildConfiguration section */

/* Begin XCConfigurationList section */
		5F155CBE19518A0900D8931F /* Build configuration list for PBXProject "TramsScraper" */ = {
			isa = XCConfigurationList;
			buildConfigurations = (
				5F155CC819518A0900D8931F /* Debug */,
				5F155CC919518A0900D8931F /* Release */,
			);
			defaultConfigurationIsVisible = 0;
			defaultConfigurationName = Release;
		};
		5FA1E309196CC33800832B68 /* Build configuration list for PBXNativeTarget "TramsScraper" */ = {
			isa = XCConfigurationList;
			buildConfigurations = (
				5FA1E302196CC33800832B68 /* Debug */,
				5FA1E303196CC33800832B68 /* Release */,
			);
			defaultConfigurationIsVisible = 0;
			defaultConfigurationName = Release;
		};
/* End XCConfigurationList section */
	};
	rootObject = 5F155CBB19518A0900D8931F /* Project object */;
}
