// !$*UTF8*$!
{
	archiveVersion = 1;
	classes = {
	};
	objectVersion = 46;
	objects = {

/* Begin PBXBuildFile section */
		5F155CD319518E4600D8931F /* main.swift in Sources */ = {isa = PBXBuildFile; fileRef = 5F155CD219518E4600D8931F /* main.swift */; };
		5F200D911952934A003A37D0 /* NearbyTrams.xcdatamodeld in Sources */ = {isa = PBXBuildFile; fileRef = 5F200D8F1952934A003A37D0 /* NearbyTrams.xcdatamodeld */; };
		5F5A72991956F03A00A5BD40 /* NearbyTramsNetworkKit.framework in Frameworks */ = {isa = PBXBuildFile; fileRef = 5F5A72931956F00900A5BD40 /* NearbyTramsNetworkKit.framework */; };
		5F7B05FD1953F4ED003423B6 /* NearbyTramsStorageKit.framework in Frameworks */ = {isa = PBXBuildFile; fileRef = 5F7B05FA1953F4D3003423B6 /* NearbyTramsStorageKit.framework */; };
		5FA8DBB3195E2ADC0080EEAE /* NearbyTramsKit.framework in Frameworks */ = {isa = PBXBuildFile; fileRef = 5FA8DBAE195E2ACB0080EEAE /* NearbyTramsKit.framework */; };
/* End PBXBuildFile section */

/* Begin PBXContainerItemProxy section */
		5F5A72921956F00900A5BD40 /* PBXContainerItemProxy */ = {
			isa = PBXContainerItemProxy;
			containerPortal = 5F5A728D1956F00900A5BD40 /* NearbyTramsNetworkKit.xcodeproj */;
			proxyType = 2;
			remoteGlobalIDString = 5F5A71D41956E51B00A5BD40;
			remoteInfo = NearbyTramsNetworkKit;
		};
		5F5A72941956F00900A5BD40 /* PBXContainerItemProxy */ = {
			isa = PBXContainerItemProxy;
			containerPortal = 5F5A728D1956F00900A5BD40 /* NearbyTramsNetworkKit.xcodeproj */;
			proxyType = 2;
			remoteGlobalIDString = 5F5A72701956EE9B00A5BD40;
			remoteInfo = "NearbyTramsNetworkKit-Tests";
		};
		5F5A72971956F01D00A5BD40 /* PBXContainerItemProxy */ = {
			isa = PBXContainerItemProxy;
			containerPortal = 5F5A728D1956F00900A5BD40 /* NearbyTramsNetworkKit.xcodeproj */;
			proxyType = 1;
			remoteGlobalIDString = 5F5A71D31956E51B00A5BD40;
			remoteInfo = NearbyTramsNetworkKit;
		};
		5F7B05F91953F4D3003423B6 /* PBXContainerItemProxy */ = {
			isa = PBXContainerItemProxy;
			containerPortal = 5F7B05F51953F4D3003423B6 /* NearbyTramsStorageKit.xcodeproj */;
			proxyType = 2;
			remoteGlobalIDString = 5F6BA8A41952B395005D0DDB;
			remoteInfo = NearbyTramsStorageKit;
		};
		5F7B05FB1953F4E5003423B6 /* PBXContainerItemProxy */ = {
			isa = PBXContainerItemProxy;
			containerPortal = 5F7B05F51953F4D3003423B6 /* NearbyTramsStorageKit.xcodeproj */;
			proxyType = 1;
			remoteGlobalIDString = 5F6BA8A31952B395005D0DDB;
			remoteInfo = NearbyTramsStorageKit;
		};
		5FA829A219546345004A5A28 /* PBXContainerItemProxy */ = {
			isa = PBXContainerItemProxy;
			containerPortal = 5F7B05F51953F4D3003423B6 /* NearbyTramsStorageKit.xcodeproj */;
			proxyType = 2;
			remoteGlobalIDString = 5FBE5472195460FA009FF8D2;
			remoteInfo = "NearbyTramsStorageKit-Tests";
		};
		5FA8DBAD195E2ACB0080EEAE /* PBXContainerItemProxy */ = {
			isa = PBXContainerItemProxy;
			containerPortal = 5FA8DBA8195E2ACB0080EEAE /* NearbyTramsKit.xcodeproj */;
			proxyType = 2;
			remoteGlobalIDString = 5F6CC97E195C38D7003C3485;
			remoteInfo = NearbyTramsKit;
		};
		5FA8DBAF195E2ACB0080EEAE /* PBXContainerItemProxy */ = {
			isa = PBXContainerItemProxy;
			containerPortal = 5FA8DBA8195E2ACB0080EEAE /* NearbyTramsKit.xcodeproj */;
			proxyType = 2;
			remoteGlobalIDString = 5F6CC989195C38D7003C3485;
			remoteInfo = "NearbyTramsKit-Tests";
		};
		5FA8DBB1195E2AD50080EEAE /* PBXContainerItemProxy */ = {
			isa = PBXContainerItemProxy;
			containerPortal = 5FA8DBA8195E2ACB0080EEAE /* NearbyTramsKit.xcodeproj */;
			proxyType = 1;
			remoteGlobalIDString = 5F6CC97D195C38D7003C3485;
			remoteInfo = NearbyTramsKit;
		};
/* End PBXContainerItemProxy section */

/* Begin PBXCopyFilesBuildPhase section */
		5F155CC119518A0900D8931F /* CopyFiles */ = {
			isa = PBXCopyFilesBuildPhase;
			buildActionMask = 2147483647;
			dstPath = /usr/share/man/man1/;
			dstSubfolderSpec = 0;
			files = (
			);
			runOnlyForDeploymentPostprocessing = 1;
		};
/* End PBXCopyFilesBuildPhase section */

/* Begin PBXFileReference section */
		5F155CC319518A0900D8931F /* TramsScraper */ = {isa = PBXFileReference; explicitFileType = "compiled.mach-o.executable"; includeInIndex = 0; path = TramsScraper; sourceTree = BUILT_PRODUCTS_DIR; };
		5F155CCE19518E4600D8931F /* TramsScraper-Debug.xcconfig */ = {isa = PBXFileReference; fileEncoding = 4; lastKnownFileType = text.xcconfig; path = "TramsScraper-Debug.xcconfig"; sourceTree = "<group>"; };
		5F155CCF19518E4600D8931F /* TramsScraper-Release.xcconfig */ = {isa = PBXFileReference; fileEncoding = 4; lastKnownFileType = text.xcconfig; path = "TramsScraper-Release.xcconfig"; sourceTree = "<group>"; };
		5F155CD019518E4600D8931F /* TramsScraper.xcconfig */ = {isa = PBXFileReference; fileEncoding = 4; lastKnownFileType = text.xcconfig; path = TramsScraper.xcconfig; sourceTree = "<group>"; };
		5F155CD219518E4600D8931F /* main.swift */ = {isa = PBXFileReference; fileEncoding = 4; lastKnownFileType = sourcecode.swift; path = main.swift; sourceTree = "<group>"; };
		5F200D901952934A003A37D0 /* NearbyTrams.xcdatamodel */ = {isa = PBXFileReference; lastKnownFileType = wrapper.xcdatamodel; path = NearbyTrams.xcdatamodel; sourceTree = "<group>"; };
		5F5A728D1956F00900A5BD40 /* NearbyTramsNetworkKit.xcodeproj */ = {isa = PBXFileReference; lastKnownFileType = "wrapper.pb-project"; path = NearbyTramsNetworkKit.xcodeproj; sourceTree = "<group>"; };
		5F7B05F51953F4D3003423B6 /* NearbyTramsStorageKit.xcodeproj */ = {isa = PBXFileReference; lastKnownFileType = "wrapper.pb-project"; path = NearbyTramsStorageKit.xcodeproj; sourceTree = "<group>"; };
		5FA8DBA8195E2ACB0080EEAE /* NearbyTramsKit.xcodeproj */ = {isa = PBXFileReference; lastKnownFileType = "wrapper.pb-project"; path = NearbyTramsKit.xcodeproj; sourceTree = "<group>"; };
/* End PBXFileReference section */

/* Begin PBXFrameworksBuildPhase section */
		5F155CC019518A0900D8931F /* Frameworks */ = {
			isa = PBXFrameworksBuildPhase;
			buildActionMask = 2147483647;
			files = (
				5F7B05FD1953F4ED003423B6 /* NearbyTramsStorageKit.framework in Frameworks */,
				5F5A72991956F03A00A5BD40 /* NearbyTramsNetworkKit.framework in Frameworks */,
				5FA8DBB3195E2ADC0080EEAE /* NearbyTramsKit.framework in Frameworks */,
			);
			runOnlyForDeploymentPostprocessing = 0;
		};
/* End PBXFrameworksBuildPhase section */

/* Begin PBXGroup section */
		5F155CBA19518A0900D8931F = {
			isa = PBXGroup;
			children = (
				5F7B05F41953F4C1003423B6 /* External */,
				5F155CCD19518E4600D8931F /* Configurations */,
				5F155CD119518E4600D8931F /* Source */,
				5FF40FB319528D27000E94C4 /* Resources */,
				5F155CC419518A0900D8931F /* Products */,
			);
			sourceTree = "<group>";
		};
		5F155CC419518A0900D8931F /* Products */ = {
			isa = PBXGroup;
			children = (
				5F155CC319518A0900D8931F /* TramsScraper */,
			);
			name = Products;
			sourceTree = "<group>";
		};
		5F155CCD19518E4600D8931F /* Configurations */ = {
			isa = PBXGroup;
			children = (
				5F155CCE19518E4600D8931F /* TramsScraper-Debug.xcconfig */,
				5F155CCF19518E4600D8931F /* TramsScraper-Release.xcconfig */,
				5F155CD019518E4600D8931F /* TramsScraper.xcconfig */,
			);
			name = Configurations;
			path = TramsScraper/Configurations;
			sourceTree = "<group>";
		};
		5F155CD119518E4600D8931F /* Source */ = {
			isa = PBXGroup;
			children = (
				5F155CD219518E4600D8931F /* main.swift */,
			);
			name = Source;
			path = TramsScraper/Source;
			sourceTree = "<group>";
		};
		5F5A728E1956F00900A5BD40 /* Products */ = {
			isa = PBXGroup;
			children = (
				5F5A72931956F00900A5BD40 /* NearbyTramsNetworkKit.framework */,
				5F5A72951956F00900A5BD40 /* NearbyTramsNetworkKit-Tests.xctest */,
			);
			name = Products;
			sourceTree = "<group>";
		};
		5F7B05F41953F4C1003423B6 /* External */ = {
			isa = PBXGroup;
			children = (
				5FA8DBA8195E2ACB0080EEAE /* NearbyTramsKit.xcodeproj */,
				5F7B05F51953F4D3003423B6 /* NearbyTramsStorageKit.xcodeproj */,
				5F5A728D1956F00900A5BD40 /* NearbyTramsNetworkKit.xcodeproj */,
			);
			name = External;
			sourceTree = "<group>";
		};
		5F7B05F61953F4D3003423B6 /* Products */ = {
			isa = PBXGroup;
			children = (
				5F7B05FA1953F4D3003423B6 /* NearbyTramsStorageKit.framework */,
				5FA829A319546345004A5A28 /* NearbyTramsStorageKit-Tests.xctest */,
			);
			name = Products;
			sourceTree = "<group>";
		};
		5FA8DBA9195E2ACB0080EEAE /* Products */ = {
			isa = PBXGroup;
			children = (
				5FA8DBAE195E2ACB0080EEAE /* NearbyTramsKit.framework */,
				5FA8DBB0195E2ACB0080EEAE /* NearbyTramsKit-Tests.xctest */,
			);
			name = Products;
			sourceTree = "<group>";
		};
		5FF40FB319528D27000E94C4 /* Resources */ = {
			isa = PBXGroup;
			children = (
				5F200D8F1952934A003A37D0 /* NearbyTrams.xcdatamodeld */,
			);
			name = Resources;
			path = TramsScraper/Resources;
			sourceTree = "<group>";
		};
/* End PBXGroup section */

/* Begin PBXNativeTarget section */
		5F155CC219518A0900D8931F /* TramsScraper */ = {
			isa = PBXNativeTarget;
			buildConfigurationList = 5F155CCA19518A0900D8931F /* Build configuration list for PBXNativeTarget "TramsScraper" */;
			buildPhases = (
				5F155CBF19518A0900D8931F /* Sources */,
				5F155CC019518A0900D8931F /* Frameworks */,
				5F155CC119518A0900D8931F /* CopyFiles */,
			);
			buildRules = (
			);
			dependencies = (
				5FA8DBB2195E2AD50080EEAE /* PBXTargetDependency */,
				5F5A72981956F01D00A5BD40 /* PBXTargetDependency */,
				5F7B05FC1953F4E5003423B6 /* PBXTargetDependency */,
			);
			name = TramsScraper;
			productName = TramsScraper;
			productReference = 5F155CC319518A0900D8931F /* TramsScraper */;
			productType = "com.apple.product-type.tool";
		};
/* End PBXNativeTarget section */

/* Begin PBXProject section */
		5F155CBB19518A0900D8931F /* Project object */ = {
			isa = PBXProject;
			attributes = {
				LastUpgradeCheck = 0600;
				ORGANIZATIONNAME = Dblechoc;
				TargetAttributes = {
					5F155CC219518A0900D8931F = {
						CreatedOnToolsVersion = 6.0;
					};
				};
			};
			buildConfigurationList = 5F155CBE19518A0900D8931F /* Build configuration list for PBXProject "TramsScraper" */;
			compatibilityVersion = "Xcode 3.2";
			developmentRegion = English;
			hasScannedForEncodings = 0;
			knownRegions = (
				en,
			);
			mainGroup = 5F155CBA19518A0900D8931F;
			productRefGroup = 5F155CC419518A0900D8931F /* Products */;
			projectDirPath = "";
			projectReferences = (
				{
					ProductGroup = 5FA8DBA9195E2ACB0080EEAE /* Products */;
					ProjectRef = 5FA8DBA8195E2ACB0080EEAE /* NearbyTramsKit.xcodeproj */;
				},
				{
					ProductGroup = 5F5A728E1956F00900A5BD40 /* Products */;
					ProjectRef = 5F5A728D1956F00900A5BD40 /* NearbyTramsNetworkKit.xcodeproj */;
				},
				{
					ProductGroup = 5F7B05F61953F4D3003423B6 /* Products */;
					ProjectRef = 5F7B05F51953F4D3003423B6 /* NearbyTramsStorageKit.xcodeproj */;
				},
			);
			projectRoot = "";
			targets = (
				5F155CC219518A0900D8931F /* TramsScraper */,
			);
		};
/* End PBXProject section */

/* Begin PBXReferenceProxy section */
		5F5A72931956F00900A5BD40 /* NearbyTramsNetworkKit.framework */ = {
			isa = PBXReferenceProxy;
			fileType = wrapper.framework;
			path = NearbyTramsNetworkKit.framework;
			remoteRef = 5F5A72921956F00900A5BD40 /* PBXContainerItemProxy */;
			sourceTree = BUILT_PRODUCTS_DIR;
		};
		5F5A72951956F00900A5BD40 /* NearbyTramsNetworkKit-Tests.xctest */ = {
			isa = PBXReferenceProxy;
			fileType = wrapper.cfbundle;
			path = "NearbyTramsNetworkKit-Tests.xctest";
			remoteRef = 5F5A72941956F00900A5BD40 /* PBXContainerItemProxy */;
			sourceTree = BUILT_PRODUCTS_DIR;
		};
		5F7B05FA1953F4D3003423B6 /* NearbyTramsStorageKit.framework */ = {
			isa = PBXReferenceProxy;
			fileType = wrapper.framework;
			path = NearbyTramsStorageKit.framework;
			remoteRef = 5F7B05F91953F4D3003423B6 /* PBXContainerItemProxy */;
			sourceTree = BUILT_PRODUCTS_DIR;
		};
		5FA829A319546345004A5A28 /* NearbyTramsStorageKit-Tests.xctest */ = {
			isa = PBXReferenceProxy;
			fileType = wrapper.cfbundle;
			path = "NearbyTramsStorageKit-Tests.xctest";
			remoteRef = 5FA829A219546345004A5A28 /* PBXContainerItemProxy */;
			sourceTree = BUILT_PRODUCTS_DIR;
		};
		5FA8DBAE195E2ACB0080EEAE /* NearbyTramsKit.framework */ = {
			isa = PBXReferenceProxy;
			fileType = wrapper.framework;
			path = NearbyTramsKit.framework;
			remoteRef = 5FA8DBAD195E2ACB0080EEAE /* PBXContainerItemProxy */;
			sourceTree = BUILT_PRODUCTS_DIR;
		};
		5FA8DBB0195E2ACB0080EEAE /* NearbyTramsKit-Tests.xctest */ = {
			isa = PBXReferenceProxy;
			fileType = wrapper.cfbundle;
			path = "NearbyTramsKit-Tests.xctest";
			remoteRef = 5FA8DBAF195E2ACB0080EEAE /* PBXContainerItemProxy */;
			sourceTree = BUILT_PRODUCTS_DIR;
		};
/* End PBXReferenceProxy section */

/* Begin PBXSourcesBuildPhase section */
		5F155CBF19518A0900D8931F /* Sources */ = {
			isa = PBXSourcesBuildPhase;
			buildActionMask = 2147483647;
			files = (
				5F155CD319518E4600D8931F /* main.swift in Sources */,
				5F200D911952934A003A37D0 /* NearbyTrams.xcdatamodeld in Sources */,
			);
			runOnlyForDeploymentPostprocessing = 0;
		};
/* End PBXSourcesBuildPhase section */

/* Begin PBXTargetDependency section */
		5F5A72981956F01D00A5BD40 /* PBXTargetDependency */ = {
			isa = PBXTargetDependency;
			name = NearbyTramsNetworkKit;
			targetProxy = 5F5A72971956F01D00A5BD40 /* PBXContainerItemProxy */;
		};
		5F7B05FC1953F4E5003423B6 /* PBXTargetDependency */ = {
			isa = PBXTargetDependency;
			name = NearbyTramsStorageKit;
			targetProxy = 5F7B05FB1953F4E5003423B6 /* PBXContainerItemProxy */;
		};
		5FA8DBB2195E2AD50080EEAE /* PBXTargetDependency */ = {
			isa = PBXTargetDependency;
			name = NearbyTramsKit;
			targetProxy = 5FA8DBB1195E2AD50080EEAE /* PBXContainerItemProxy */;
		};
/* End PBXTargetDependency section */

/* Begin XCBuildConfiguration section */
		5F155CC819518A0900D8931F /* Debug */ = {
			isa = XCBuildConfiguration;
			buildSettings = {
			};
			name = Debug;
		};
		5F155CC919518A0900D8931F /* Release */ = {
			isa = XCBuildConfiguration;
			buildSettings = {
			};
			name = Release;
		};
		5F155CCB19518A0900D8931F /* Debug */ = {
			isa = XCBuildConfiguration;
			baseConfigurationReference = 5F155CCE19518E4600D8931F /* TramsScraper-Debug.xcconfig */;
			buildSettings = {
			};
			name = Debug;
		};
		5F155CCC19518A0900D8931F /* Release */ = {
			isa = XCBuildConfiguration;
			baseConfigurationReference = 5F155CCE19518E4600D8931F /* TramsScraper-Debug.xcconfig */;
			buildSettings = {
			};
			name = Release;
		};
/* End XCBuildConfiguration section */

/* Begin XCConfigurationList section */
		5F155CBE19518A0900D8931F /* Build configuration list for PBXProject "TramsScraper" */ = {
			isa = XCConfigurationList;
			buildConfigurations = (
				5F155CC819518A0900D8931F /* Debug */,
				5F155CC919518A0900D8931F /* Release */,
			);
			defaultConfigurationIsVisible = 0;
			defaultConfigurationName = Release;
		};
		5F155CCA19518A0900D8931F /* Build configuration list for PBXNativeTarget "TramsScraper" */ = {
			isa = XCConfigurationList;
			buildConfigurations = (
				5F155CCB19518A0900D8931F /* Debug */,
				5F155CCC19518A0900D8931F /* Release */,
			);
			defaultConfigurationIsVisible = 0;
			defaultConfigurationName = Release;
		};
/* End XCConfigurationList section */

/* Begin XCVersionGroup section */
		5F200D8F1952934A003A37D0 /* NearbyTrams.xcdatamodeld */ = {
			isa = XCVersionGroup;
			children = (
				5F200D901952934A003A37D0 /* NearbyTrams.xcdatamodel */,
			);
			currentVersion = 5F200D901952934A003A37D0 /* NearbyTrams.xcdatamodel */;
			name = NearbyTrams.xcdatamodeld;
			path = ../../Fixtures/NearbyTrams.xcdatamodeld;
			sourceTree = "<group>";
			versionGroupType = wrapper.xcdatamodel;
		};
/* End XCVersionGroup section */
	};
	rootObject = 5F155CBB19518A0900D8931F /* Project object */;
}
